
Microsoft Visual Studio Solution File, Format Version 12.00
# Visual Studio Version 17
VisualStudioVersion = 17.6.33829.357
MinimumVisualStudioVersion = 10.0.40219.1
Project("{8BC9CEB8-8B4A-11D0-8D11-00A0C91BC942}") = "Autoclicker", "Autoclicker.vcxproj", "{9E89F5DA-B348-404B-8EBC-CE280EAE71BE}"
EndProject
Global
	GlobalSection(SolutionConfigurationPlatforms) = preSolution
		Debug|x64 = Debug|x64
		Debug|x86 = Debug|x86
		Release|x64 = Release|x64
		Release|x86 = Release|x86
	EndGlobalSection
	GlobalSection(ProjectConfigurationPlatforms) = postSolution
		{9E89F5DA-B348-404B-8EBC-CE280EAE71BE}.Debug|x64.ActiveCfg = Debug|x64
		{9E89F5DA-B348-404B-8EBC-CE280EAE71BE}.Debug|x64.Build.0 = Debug|x64
		{9E89F5DA-B348-404B-8EBC-CE280EAE71BE}.Debug|x86.ActiveCfg = Debug|Win32
		{9E89F5DA-B348-404B-8EBC-CE280EAE71BE}.Debug|x86.Build.0 = Debug|Win32
		{9E89F5DA-B348-404B-8EBC-CE280EAE71BE}.Release|x64.ActiveCfg = Release|x64
		{9E89F5DA-B348-404B-8EBC-CE280EAE71BE}.Release|x64.Build.0 = Release|x64
		{9E89F5DA-B348-404B-8EBC-CE280EAE71BE}.Release|x86.ActiveCfg = Release|Win32
		{9E89F5DA-B348-404B-8EBC-CE280EAE71BE}.Release|x86.Build.0 = Release|Win32
	EndGlobalSection
	GlobalSection(SolutionProperties) = preSolution
		HideSolutionNode = FALSE
	EndGlobalSection
	GlobalSection(ExtensibilityGlobals) = postSolution
		SolutionGuid = {B7D967F0-526A-4F94-AE4F-159D87AAA971}
	EndGlobalSection
EndGlobal
